{
  "version": 4,
  "terraform_version": "0.14.3",
  "serial": 3,
  "lineage": "1a172dd5-3e61-a801-2f26-807f9aa38bb3",
  "outputs": {},
  "resources": [
    {
      "mode": "managed",
      "type": "local_file",
      "name": "pet",
      "provider": "provider[\"registry.terraform.io/hashicorp/local\"]",
      "instances": [
        {
          "schema_version": 0,
          "attributes": {
            "content": "My fav pet is Mr-extremely-clearly-accurately-included-kit",
            "content_base64": null,
            "directory_permission": "0777",
            "file_permission": "0777",
            "filename": "pet.txt",
            "id": "0fe9dc8ff4782376aec944b796f4804f5071e551",
            "sensitive_content": null,
            "source": null
          },
          "sensitive_attributes": [],
          "private": "bnVsbA==",
          "dependencies": [
            "random_pet.my-pet"
          ]
        }
      ]
    },
    {
      "mode": "managed",
      "type": "random_pet",
      "name": "my-pet",
      "provider": "provider[\"registry.terraform.io/hashicorp/random\"]",
      "instances": [
        {
          "schema_version": 0,
          "attributes": {
            "id": "Mr-extremely-clearly-accurately-included-kit",
            "keepers": null,
            "length": 5,
            "prefix": "Mr",
            "separator": "-"
          },
          "sensitive_attributes": [],
          "private": "bnVsbA=="
        }
      ]
    }
  ]
}
